
Microsoft Visual Studio Solution File, Format Version 12.00
# Visual Studio Version 16
VisualStudioVersion = 16.0.31729.503
MinimumVisualStudioVersion = 10.0.40219.1
Project("{8BC9CEB8-8B4A-11D0-8D11-00A0C91BC942}") = "слау_метод_ортогонализации", "слау_метод_ортогонализации\слау_метод_ортогонализации.vcxproj", "{FEFE8B5B-D187-491D-B06C-8ED85791F900}"
EndProject
Global
	GlobalSection(SolutionConfigurationPlatforms) = preSolution
		Debug|x64 = Debug|x64
		Debug|x86 = Debug|x86
		Release|x64 = Release|x64
		Release|x86 = Release|x86
	EndGlobalSection
	GlobalSection(ProjectConfigurationPlatforms) = postSolution
		{FEFE8B5B-D187-491D-B06C-8ED85791F900}.Debug|x64.ActiveCfg = Debug|x64
		{FEFE8B5B-D187-491D-B06C-8ED85791F900}.Debug|x64.Build.0 = Debug|x64
		{FEFE8B5B-D187-491D-B06C-8ED85791F900}.Debug|x86.ActiveCfg = Debug|Win32
		{FEFE8B5B-D187-491D-B06C-8ED85791F900}.Debug|x86.Build.0 = Debug|Win32
		{FEFE8B5B-D187-491D-B06C-8ED85791F900}.Release|x64.ActiveCfg = Release|x64
		{FEFE8B5B-D187-491D-B06C-8ED85791F900}.Release|x64.Build.0 = Release|x64
		{FEFE8B5B-D187-491D-B06C-8ED85791F900}.Release|x86.ActiveCfg = Release|Win32
		{FEFE8B5B-D187-491D-B06C-8ED85791F900}.Release|x86.Build.0 = Release|Win32
	EndGlobalSection
	GlobalSection(SolutionProperties) = preSolution
		HideSolutionNode = FALSE
	EndGlobalSection
	GlobalSection(ExtensibilityGlobals) = postSolution
		SolutionGuid = {DE1E77B8-BD6E-4AAB-AB0F-CD656DDF2CE6}
	EndGlobalSection
EndGlobal
